{
    "name": "hospital-management-system-desktop",
    "version": "1.0.0",
    "lockfileVersion": 2,
    "requires": true,
    "packages": {
        "": {
            "name": "hospital-management-system-desktop",
            "version": "1.0.0",
            "license": "MIT",
            "dependencies": {
                "axios": "^1.6.0",
                "electron-log": "^4.4.8",
                "electron-updater": "^6.1.4"
            },
            "devDependencies": {
                "electron": "^27.0.0",
                "electron-builder": "^24.6.4",
                "eslint": "^8.57.0",
                "prettier": "^3.0.0"
            }
        }
    }
}